
Microsoft Visual Studio Solution File, Format Version 12.00
# Visual Studio Version 17
VisualStudioVersion = 17.14.37614.0 d17.14
MinimumVisualStudioVersion = 10.0.40219.1
Project("{FAE04EC0-301F-11D3-BF4B-00C04F79EFBC}") = "1dz", "1dz\1dz.csproj", "{34E33771-A3C0-41BB-B996-F75CB3AB7FA0}"
EndProject
Global
	GlobalSection(SolutionConfigurationPlatforms) = preSolution
		Debug|Any CPU = Debug|Any CPU
		Release|Any CPU = Release|Any CPU
	EndGlobalSection
	GlobalSection(ProjectConfigurationPlatforms) = postSolution
		{34E33771-A3C0-41BB-B996-F75CB3AB7FA0}.Debug|Any CPU.ActiveCfg = Debug|Any CPU
		{34E33771-A3C0-41BB-B996-F75CB3AB7FA0}.Debug|Any CPU.Build.0 = Debug|Any CPU
		{34E33771-A3C0-41BB-B996-F75CB3AB7FA0}.Release|Any CPU.ActiveCfg = Release|Any CPU
		{34E33771-A3C0-41BB-B996-F75CB3AB7FA0}.Release|Any CPU.Build.0 = Release|Any CPU
	EndGlobalSection
	GlobalSection(SolutionProperties) = preSolution
		HideSolutionNode = FALSE
	EndGlobalSection
	GlobalSection(ExtensibilityGlobals) = postSolution
		SolutionGuid = {A49F07EE-96E1-43A4-ABAE-1D7C8575C2CC}
	EndGlobalSection
EndGlobal
